
Microsoft Visual Studio Solution File, Format Version 12.00
# Visual Studio Version 17
VisualStudioVersion = 17.7.34202.233
MinimumVisualStudioVersion = 10.0.40219.1
Project("{9A19103F-16F7-4668-BE54-9A1E7A4F7556}") = "SemanticKernel.Basic", "SemanticKernel.Basic\SemanticKernel.Basic.csproj", "{C29F9306-A63B-450B-A141-2118A2D2FA10}"
EndProject
Project("{9A19103F-16F7-4668-BE54-9A1E7A4F7556}") = "SemanticKernel.PromptFunction", "SemanticKernel.SemanticFunction\SemanticKernel.PromptFunction.csproj", "{6BECCC01-8114-40C6-8A51-B3F58D87B3C0}"
EndProject
Project("{9A19103F-16F7-4668-BE54-9A1E7A4F7556}") = "SemanticKernel.NativeFunction", "SemanticKernel.NativeFunction\SemanticKernel.NativeFunction.csproj", "{BC7424FF-A0A7-4641-BCCB-6FC07C40CACB}"
EndProject
Project("{9A19103F-16F7-4668-BE54-9A1E7A4F7556}") = "SemanticKernel.OpenAIPlugin", "SemanticKernel.OpenAIPlugin\SemanticKernel.OpenAIPlugin.csproj", "{105A3331-D5D4-4BBA-A438-20C14CCA8038}"
EndProject
Project("{9A19103F-16F7-4668-BE54-9A1E7A4F7556}") = "SemanticKernel.AzureFunction", "SemanticKernel.AzureFunction\SemanticKernel.AzureFunction.csproj", "{78C16C65-E443-4327-90FA-D953C12C8492}"
EndProject
Project("{9A19103F-16F7-4668-BE54-9A1E7A4F7556}") = "SemanticKernel.FunctionCalling", "SemanticKernel.Orchestration\SemanticKernel.FunctionCalling.csproj", "{11DEC263-5F26-4D5E-A683-B27B39D84D8A}"
EndProject
Project("{9A19103F-16F7-4668-BE54-9A1E7A4F7556}") = "SemanticKernel.HandlebarsPlanner", "SemanticKernel.Planner\SemanticKernel.HandlebarsPlanner.csproj", "{AA2564B2-6D63-43DD-B622-A744A3B6673D}"
EndProject
Project("{9A19103F-16F7-4668-BE54-9A1E7A4F7556}") = "SemanticKernel.BingPlugin", "SemanticKernel.BuiltinPlugins\SemanticKernel.BingPlugin.csproj", "{CCBA55D1-02E6-42BA-AB83-62294B7C9972}"
EndProject
Project("{9A19103F-16F7-4668-BE54-9A1E7A4F7556}") = "SemanticKernel.ChatMemory", "SemanticKernel.Memory\SemanticKernel.ChatMemory.csproj", "{C4D20CFF-FD54-4B56-B967-9ED28B22D6D8}"
EndProject
Project("{9A19103F-16F7-4668-BE54-9A1E7A4F7556}") = "SemanticKernel.Plugins", "SemanticKernel.Plugins\SemanticKernel.Plugins.csproj", "{4DBC630F-B460-4D0F-A212-02BA8C29274D}"
EndProject
Project("{9A19103F-16F7-4668-BE54-9A1E7A4F7556}") = "SemanticKernel.FunctionStepwisePlanner", "SemanticKernel.FunctionStepwisePlanner\SemanticKernel.FunctionStepwisePlanner.csproj", "{944876AE-37FB-40AB-BBB6-C7D875EB4ABC}"
EndProject
Project("{9A19103F-16F7-4668-BE54-9A1E7A4F7556}") = "SemanticKernel.GraphPlugin", "SemanticKernel.GraphPlugin\SemanticKernel.GraphPlugin.csproj", "{71226367-C069-4CC1-A96A-1530ADA0A9D3}"
EndProject
Project("{9A19103F-16F7-4668-BE54-9A1E7A4F7556}") = "KernelMemory", "KernelMemory\KernelMemory.csproj", "{31473B5C-89A1-4077-BE25-2FB1A41096F9}"
EndProject
Project("{9A19103F-16F7-4668-BE54-9A1E7A4F7556}") = "SemanticKernel.PlannerTicket", "SemanticKernel.FunctionCallingTicket\SemanticKernel.PlannerTicket.csproj", "{2B301700-716D-43B1-AE9A-DF3CACEED948}"
EndProject
Project("{9A19103F-16F7-4668-BE54-9A1E7A4F7556}") = "SemanticKernel.KernelMemoryPlugin", "SemanticKernel.KernelMemoryPlugin\SemanticKernel.KernelMemoryPlugin.csproj", "{805AEA63-DB1E-444B-B539-802DE1390C0C}"
EndProject
Project("{9A19103F-16F7-4668-BE54-9A1E7A4F7556}") = "SemanticKernel.Prompty", "SemanticKernel.Prompty\SemanticKernel.Prompty.csproj", "{6377072C-AC5F-43CF-933C-24E03B0A4044}"
EndProject
Project("{FAE04EC0-301F-11D3-BF4B-00C04F79EFBC}") = "SemanticKernel.Agents", "SemanticKernel.Agents\SemanticKernel.Agents.csproj", "{7940E7EA-5E5D-40FA-9F87-10A8D0B5D31B}"
EndProject
Global
	GlobalSection(SolutionConfigurationPlatforms) = preSolution
		Debug|Any CPU = Debug|Any CPU
		Release|Any CPU = Release|Any CPU
	EndGlobalSection
	GlobalSection(ProjectConfigurationPlatforms) = postSolution
		{C29F9306-A63B-450B-A141-2118A2D2FA10}.Debug|Any CPU.ActiveCfg = Debug|Any CPU
		{C29F9306-A63B-450B-A141-2118A2D2FA10}.Debug|Any CPU.Build.0 = Debug|Any CPU
		{C29F9306-A63B-450B-A141-2118A2D2FA10}.Release|Any CPU.ActiveCfg = Release|Any CPU
		{C29F9306-A63B-450B-A141-2118A2D2FA10}.Release|Any CPU.Build.0 = Release|Any CPU
		{6BECCC01-8114-40C6-8A51-B3F58D87B3C0}.Debug|Any CPU.ActiveCfg = Debug|Any CPU
		{6BECCC01-8114-40C6-8A51-B3F58D87B3C0}.Debug|Any CPU.Build.0 = Debug|Any CPU
		{6BECCC01-8114-40C6-8A51-B3F58D87B3C0}.Release|Any CPU.ActiveCfg = Release|Any CPU
		{6BECCC01-8114-40C6-8A51-B3F58D87B3C0}.Release|Any CPU.Build.0 = Release|Any CPU
		{BC7424FF-A0A7-4641-BCCB-6FC07C40CACB}.Debug|Any CPU.ActiveCfg = Debug|Any CPU
		{BC7424FF-A0A7-4641-BCCB-6FC07C40CACB}.Debug|Any CPU.Build.0 = Debug|Any CPU
		{BC7424FF-A0A7-4641-BCCB-6FC07C40CACB}.Release|Any CPU.ActiveCfg = Release|Any CPU
		{BC7424FF-A0A7-4641-BCCB-6FC07C40CACB}.Release|Any CPU.Build.0 = Release|Any CPU
		{105A3331-D5D4-4BBA-A438-20C14CCA8038}.Debug|Any CPU.ActiveCfg = Debug|Any CPU
		{105A3331-D5D4-4BBA-A438-20C14CCA8038}.Debug|Any CPU.Build.0 = Debug|Any CPU
		{105A3331-D5D4-4BBA-A438-20C14CCA8038}.Release|Any CPU.ActiveCfg = Release|Any CPU
		{105A3331-D5D4-4BBA-A438-20C14CCA8038}.Release|Any CPU.Build.0 = Release|Any CPU
		{78C16C65-E443-4327-90FA-D953C12C8492}.Debug|Any CPU.ActiveCfg = Debug|Any CPU
		{78C16C65-E443-4327-90FA-D953C12C8492}.Debug|Any CPU.Build.0 = Debug|Any CPU
		{78C16C65-E443-4327-90FA-D953C12C8492}.Release|Any CPU.ActiveCfg = Release|Any CPU
		{78C16C65-E443-4327-90FA-D953C12C8492}.Release|Any CPU.Build.0 = Release|Any CPU
		{11DEC263-5F26-4D5E-A683-B27B39D84D8A}.Debug|Any CPU.ActiveCfg = Debug|Any CPU
		{11DEC263-5F26-4D5E-A683-B27B39D84D8A}.Debug|Any CPU.Build.0 = Debug|Any CPU
		{11DEC263-5F26-4D5E-A683-B27B39D84D8A}.Release|Any CPU.ActiveCfg = Release|Any CPU
		{11DEC263-5F26-4D5E-A683-B27B39D84D8A}.Release|Any CPU.Build.0 = Release|Any CPU
		{AA2564B2-6D63-43DD-B622-A744A3B6673D}.Debug|Any CPU.ActiveCfg = Debug|Any CPU
		{AA2564B2-6D63-43DD-B622-A744A3B6673D}.Debug|Any CPU.Build.0 = Debug|Any CPU
		{AA2564B2-6D63-43DD-B622-A744A3B6673D}.Release|Any CPU.ActiveCfg = Release|Any CPU
		{AA2564B2-6D63-43DD-B622-A744A3B6673D}.Release|Any CPU.Build.0 = Release|Any CPU
		{CCBA55D1-02E6-42BA-AB83-62294B7C9972}.Debug|Any CPU.ActiveCfg = Debug|Any CPU
		{CCBA55D1-02E6-42BA-AB83-62294B7C9972}.Debug|Any CPU.Build.0 = Debug|Any CPU
		{CCBA55D1-02E6-42BA-AB83-62294B7C9972}.Release|Any CPU.ActiveCfg = Release|Any CPU
		{CCBA55D1-02E6-42BA-AB83-62294B7C9972}.Release|Any CPU.Build.0 = Release|Any CPU
		{C4D20CFF-FD54-4B56-B967-9ED28B22D6D8}.Debug|Any CPU.ActiveCfg = Debug|Any CPU
		{C4D20CFF-FD54-4B56-B967-9ED28B22D6D8}.Debug|Any CPU.Build.0 = Debug|Any CPU
		{C4D20CFF-FD54-4B56-B967-9ED28B22D6D8}.Release|Any CPU.ActiveCfg = Release|Any CPU
		{C4D20CFF-FD54-4B56-B967-9ED28B22D6D8}.Release|Any CPU.Build.0 = Release|Any CPU
		{4DBC630F-B460-4D0F-A212-02BA8C29274D}.Debug|Any CPU.ActiveCfg = Debug|Any CPU
		{4DBC630F-B460-4D0F-A212-02BA8C29274D}.Debug|Any CPU.Build.0 = Debug|Any CPU
		{4DBC630F-B460-4D0F-A212-02BA8C29274D}.Release|Any CPU.ActiveCfg = Release|Any CPU
		{4DBC630F-B460-4D0F-A212-02BA8C29274D}.Release|Any CPU.Build.0 = Release|Any CPU
		{944876AE-37FB-40AB-BBB6-C7D875EB4ABC}.Debug|Any CPU.ActiveCfg = Debug|Any CPU
		{944876AE-37FB-40AB-BBB6-C7D875EB4ABC}.Debug|Any CPU.Build.0 = Debug|Any CPU
		{944876AE-37FB-40AB-BBB6-C7D875EB4ABC}.Release|Any CPU.ActiveCfg = Release|Any CPU
		{944876AE-37FB-40AB-BBB6-C7D875EB4ABC}.Release|Any CPU.Build.0 = Release|Any CPU
		{71226367-C069-4CC1-A96A-1530ADA0A9D3}.Debug|Any CPU.ActiveCfg = Debug|Any CPU
		{71226367-C069-4CC1-A96A-1530ADA0A9D3}.Debug|Any CPU.Build.0 = Debug|Any CPU
		{71226367-C069-4CC1-A96A-1530ADA0A9D3}.Release|Any CPU.ActiveCfg = Release|Any CPU
		{71226367-C069-4CC1-A96A-1530ADA0A9D3}.Release|Any CPU.Build.0 = Release|Any CPU
		{31473B5C-89A1-4077-BE25-2FB1A41096F9}.Debug|Any CPU.ActiveCfg = Debug|Any CPU
		{31473B5C-89A1-4077-BE25-2FB1A41096F9}.Debug|Any CPU.Build.0 = Debug|Any CPU
		{31473B5C-89A1-4077-BE25-2FB1A41096F9}.Release|Any CPU.ActiveCfg = Release|Any CPU
		{31473B5C-89A1-4077-BE25-2FB1A41096F9}.Release|Any CPU.Build.0 = Release|Any CPU
		{2B301700-716D-43B1-AE9A-DF3CACEED948}.Debug|Any CPU.ActiveCfg = Debug|Any CPU
		{2B301700-716D-43B1-AE9A-DF3CACEED948}.Debug|Any CPU.Build.0 = Debug|Any CPU
		{2B301700-716D-43B1-AE9A-DF3CACEED948}.Release|Any CPU.ActiveCfg = Release|Any CPU
		{2B301700-716D-43B1-AE9A-DF3CACEED948}.Release|Any CPU.Build.0 = Release|Any CPU
		{805AEA63-DB1E-444B-B539-802DE1390C0C}.Debug|Any CPU.ActiveCfg = Debug|Any CPU
		{805AEA63-DB1E-444B-B539-802DE1390C0C}.Debug|Any CPU.Build.0 = Debug|Any CPU
		{805AEA63-DB1E-444B-B539-802DE1390C0C}.Release|Any CPU.ActiveCfg = Release|Any CPU
		{805AEA63-DB1E-444B-B539-802DE1390C0C}.Release|Any CPU.Build.0 = Release|Any CPU
		{6377072C-AC5F-43CF-933C-24E03B0A4044}.Debug|Any CPU.ActiveCfg = Debug|Any CPU
		{6377072C-AC5F-43CF-933C-24E03B0A4044}.Debug|Any CPU.Build.0 = Debug|Any CPU
		{6377072C-AC5F-43CF-933C-24E03B0A4044}.Release|Any CPU.ActiveCfg = Release|Any CPU
		{6377072C-AC5F-43CF-933C-24E03B0A4044}.Release|Any CPU.Build.0 = Release|Any CPU
		{7940E7EA-5E5D-40FA-9F87-10A8D0B5D31B}.Debug|Any CPU.ActiveCfg = Debug|Any CPU
		{7940E7EA-5E5D-40FA-9F87-10A8D0B5D31B}.Debug|Any CPU.Build.0 = Debug|Any CPU
		{7940E7EA-5E5D-40FA-9F87-10A8D0B5D31B}.Release|Any CPU.ActiveCfg = Release|Any CPU
		{7940E7EA-5E5D-40FA-9F87-10A8D0B5D31B}.Release|Any CPU.Build.0 = Release|Any CPU
	EndGlobalSection
	GlobalSection(SolutionProperties) = preSolution
		HideSolutionNode = FALSE
	EndGlobalSection
	GlobalSection(ExtensibilityGlobals) = postSolution
		SolutionGuid = {935741A4-E0DE-49D9-B60E-3D64C78229B9}
	EndGlobalSection
EndGlobal
